# This file is automatically @generated by Cargo.
# It is not intended for manual editing.
version = 4

[[package]]
name = "cards-demo"
version = "0.1.26"

[[package]]
name = "cloud-deploy-demo"
version = "0.1.26"

[[package]]
name = "helpdesk-itsm-demo"
version = "0.1.26"

[[package]]
name = "hr-onboarding-demo"
version = "0.1.26"

[[package]]
name = "incident-demo"
version = "0.1.26"

[[package]]
name = "quickstart-demo"
version = "0.1.26"

[[package]]
name = "redbutton-demo"
version = "0.1.26"

[[package]]
name = "sales-crm-demo"
version = "0.1.26"

[[package]]
name = "supply-chain-demo"
version = "0.1.26"
